
Microsoft Visual Studio Solution File, Format Version 12.00
# Visual Studio 2013
VisualStudioVersion = 12.0.31101.0
MinimumVisualStudioVersion = 10.0.40219.1
Project("{2150E333-8FDC-42A3-9474-1A3956D46DE8}") = "src", "src", "{98B3171F-C0DA-4AED-9690-4BDB86A1DA6F}"
EndProject
Project("{2150E333-8FDC-42A3-9474-1A3956D46DE8}") = "Solution Items", "Solution Items", "{9B2D25CE-81EA-4020-B463-DB45A8AB0C65}"
	ProjectSection(SolutionItems) = preProject
		Core.abnf = Core.abnf
		dec-octet.abnf = dec-octet.abnf
		IPv6address.abnf = IPv6address.abnf
		LICENSE = LICENSE
		path-empty.abnf = path-empty.abnf
		README.md = README.md
		RFC3986.abnf = RFC3986.abnf
		RFC7230.abnf = RFC7230.abnf
	EndProjectSection
EndProject
Project("{2150E333-8FDC-42A3-9474-1A3956D46DE8}") = "Uri.Grammar", "Uri.Grammar", "{C848000D-3BB8-4506-96F3-A451A9E152CF}"
EndProject
Project("{2150E333-8FDC-42A3-9474-1A3956D46DE8}") = "HTTPortable.Core", "HTTPortable.Core", "{D62C72AA-8A01-43AE-AF02-8F6E19653483}"
EndProject
Project("{2150E333-8FDC-42A3-9474-1A3956D46DE8}") = "HTTPortable.Tcp", "HTTPortable.Tcp", "{68D4FF8E-6DBA-4766-AAE6-FD8FD5CF7AFF}"
EndProject
Project("{2150E333-8FDC-42A3-9474-1A3956D46DE8}") = "HTTPortable.Tcp.WinRT", "HTTPortable.Tcp.WinRT", "{BDAF9BDB-2C46-4460-B801-3D524F92FF0F}"
EndProject
Project("{FAE04EC0-301F-11D3-BF4B-00C04F79EFBC}") = "Uri.Grammar", "src\Uri.Grammar\Uri.Grammar.csproj", "{CB82326F-14EE-43B4-A97C-3424F5E04861}"
EndProject
Project("{FAE04EC0-301F-11D3-BF4B-00C04F79EFBC}") = "HTTPortable.Core", "src\HTTPortable.Core\HTTPortable.Core.csproj", "{D920B511-E7A9-487F-BDE3-4F4599C65AC7}"
EndProject
Project("{FAE04EC0-301F-11D3-BF4B-00C04F79EFBC}") = "HTTPortable.Tcp", "src\HTTPortable.Tcp\HTTPortable.Tcp.csproj", "{7A9CA4A6-5C4F-4AB5-B51A-823D449CE5D7}"
EndProject
Project("{FAE04EC0-301F-11D3-BF4B-00C04F79EFBC}") = "HTTPortable.Tcp.WinRT", "src\HTTPortable.Tcp.WinRT\HTTPortable.Tcp.WinRT.csproj", "{825FEAFB-0641-48AB-AC2F-72120A4B49B6}"
EndProject
Project("{FAE04EC0-301F-11D3-BF4B-00C04F79EFBC}") = "Uri.Grammar.Tests", "src\Uri.Grammar.Tests\Uri.Grammar.Tests.csproj", "{8F776178-679D-415B-A246-896CD56321B0}"
EndProject
Project("{FAE04EC0-301F-11D3-BF4B-00C04F79EFBC}") = "Http.Grammar", "src\Http.Grammar\Http.Grammar.csproj", "{7D73A56E-999E-4773-A3E8-BCF5067CA72B}"
EndProject
Project("{FAE04EC0-301F-11D3-BF4B-00C04F79EFBC}") = "Http.Grammar.Tests", "src\Http.Grammar.Tests\Http.Grammar.Tests.csproj", "{517C9D42-6D35-4382-B051-F17788943BEA}"
EndProject
Global
	GlobalSection(SolutionConfigurationPlatforms) = preSolution
		Debug|Any CPU = Debug|Any CPU
		Debug|ARM = Debug|ARM
		Debug|x64 = Debug|x64
		Debug|x86 = Debug|x86
		DebugCC|Any CPU = DebugCC|Any CPU
		DebugCC|ARM = DebugCC|ARM
		DebugCC|x64 = DebugCC|x64
		DebugCC|x86 = DebugCC|x86
		Release|Any CPU = Release|Any CPU
		Release|ARM = Release|ARM
		Release|x64 = Release|x64
		Release|x86 = Release|x86
	EndGlobalSection
	GlobalSection(ProjectConfigurationPlatforms) = postSolution
		{CB82326F-14EE-43B4-A97C-3424F5E04861}.Debug|Any CPU.ActiveCfg = Debug|Any CPU
		{CB82326F-14EE-43B4-A97C-3424F5E04861}.Debug|Any CPU.Build.0 = Debug|Any CPU
		{CB82326F-14EE-43B4-A97C-3424F5E04861}.Debug|ARM.ActiveCfg = Debug|Any CPU
		{CB82326F-14EE-43B4-A97C-3424F5E04861}.Debug|x64.ActiveCfg = Debug|Any CPU
		{CB82326F-14EE-43B4-A97C-3424F5E04861}.Debug|x86.ActiveCfg = Debug|Any CPU
		{CB82326F-14EE-43B4-A97C-3424F5E04861}.DebugCC|Any CPU.ActiveCfg = DebugCC|Any CPU
		{CB82326F-14EE-43B4-A97C-3424F5E04861}.DebugCC|Any CPU.Build.0 = DebugCC|Any CPU
		{CB82326F-14EE-43B4-A97C-3424F5E04861}.DebugCC|ARM.ActiveCfg = DebugCC|Any CPU
		{CB82326F-14EE-43B4-A97C-3424F5E04861}.DebugCC|x64.ActiveCfg = DebugCC|Any CPU
		{CB82326F-14EE-43B4-A97C-3424F5E04861}.DebugCC|x86.ActiveCfg = DebugCC|Any CPU
		{CB82326F-14EE-43B4-A97C-3424F5E04861}.Release|Any CPU.ActiveCfg = Release|Any CPU
		{CB82326F-14EE-43B4-A97C-3424F5E04861}.Release|Any CPU.Build.0 = Release|Any CPU
		{CB82326F-14EE-43B4-A97C-3424F5E04861}.Release|ARM.ActiveCfg = Release|Any CPU
		{CB82326F-14EE-43B4-A97C-3424F5E04861}.Release|x64.ActiveCfg = Release|Any CPU
		{CB82326F-14EE-43B4-A97C-3424F5E04861}.Release|x86.ActiveCfg = Release|Any CPU
		{D920B511-E7A9-487F-BDE3-4F4599C65AC7}.Debug|Any CPU.ActiveCfg = Debug|Any CPU
		{D920B511-E7A9-487F-BDE3-4F4599C65AC7}.Debug|Any CPU.Build.0 = Debug|Any CPU
		{D920B511-E7A9-487F-BDE3-4F4599C65AC7}.Debug|ARM.ActiveCfg = Debug|Any CPU
		{D920B511-E7A9-487F-BDE3-4F4599C65AC7}.Debug|x64.ActiveCfg = Debug|Any CPU
		{D920B511-E7A9-487F-BDE3-4F4599C65AC7}.Debug|x86.ActiveCfg = Debug|Any CPU
		{D920B511-E7A9-487F-BDE3-4F4599C65AC7}.DebugCC|Any CPU.ActiveCfg = DebugCC|Any CPU
		{D920B511-E7A9-487F-BDE3-4F4599C65AC7}.DebugCC|Any CPU.Build.0 = DebugCC|Any CPU
		{D920B511-E7A9-487F-BDE3-4F4599C65AC7}.DebugCC|ARM.ActiveCfg = DebugCC|Any CPU
		{D920B511-E7A9-487F-BDE3-4F4599C65AC7}.DebugCC|x64.ActiveCfg = DebugCC|Any CPU
		{D920B511-E7A9-487F-BDE3-4F4599C65AC7}.DebugCC|x86.ActiveCfg = DebugCC|Any CPU
		{D920B511-E7A9-487F-BDE3-4F4599C65AC7}.Release|Any CPU.ActiveCfg = Release|Any CPU
		{D920B511-E7A9-487F-BDE3-4F4599C65AC7}.Release|Any CPU.Build.0 = Release|Any CPU
		{D920B511-E7A9-487F-BDE3-4F4599C65AC7}.Release|ARM.ActiveCfg = Release|Any CPU
		{D920B511-E7A9-487F-BDE3-4F4599C65AC7}.Release|x64.ActiveCfg = Release|Any CPU
		{D920B511-E7A9-487F-BDE3-4F4599C65AC7}.Release|x86.ActiveCfg = Release|Any CPU
		{7A9CA4A6-5C4F-4AB5-B51A-823D449CE5D7}.Debug|Any CPU.ActiveCfg = Debug|Any CPU
		{7A9CA4A6-5C4F-4AB5-B51A-823D449CE5D7}.Debug|Any CPU.Build.0 = Debug|Any CPU
		{7A9CA4A6-5C4F-4AB5-B51A-823D449CE5D7}.Debug|ARM.ActiveCfg = Debug|Any CPU
		{7A9CA4A6-5C4F-4AB5-B51A-823D449CE5D7}.Debug|x64.ActiveCfg = Debug|Any CPU
		{7A9CA4A6-5C4F-4AB5-B51A-823D449CE5D7}.Debug|x86.ActiveCfg = Debug|Any CPU
		{7A9CA4A6-5C4F-4AB5-B51A-823D449CE5D7}.DebugCC|Any CPU.ActiveCfg = DebugCC|Any CPU
		{7A9CA4A6-5C4F-4AB5-B51A-823D449CE5D7}.DebugCC|Any CPU.Build.0 = DebugCC|Any CPU
		{7A9CA4A6-5C4F-4AB5-B51A-823D449CE5D7}.DebugCC|ARM.ActiveCfg = DebugCC|Any CPU
		{7A9CA4A6-5C4F-4AB5-B51A-823D449CE5D7}.DebugCC|x64.ActiveCfg = DebugCC|Any CPU
		{7A9CA4A6-5C4F-4AB5-B51A-823D449CE5D7}.DebugCC|x86.ActiveCfg = DebugCC|Any CPU
		{7A9CA4A6-5C4F-4AB5-B51A-823D449CE5D7}.Release|Any CPU.ActiveCfg = Release|Any CPU
		{7A9CA4A6-5C4F-4AB5-B51A-823D449CE5D7}.Release|Any CPU.Build.0 = Release|Any CPU
		{7A9CA4A6-5C4F-4AB5-B51A-823D449CE5D7}.Release|ARM.ActiveCfg = Release|Any CPU
		{7A9CA4A6-5C4F-4AB5-B51A-823D449CE5D7}.Release|x64.ActiveCfg = Release|Any CPU
		{7A9CA4A6-5C4F-4AB5-B51A-823D449CE5D7}.Release|x86.ActiveCfg = Release|Any CPU
		{825FEAFB-0641-48AB-AC2F-72120A4B49B6}.Debug|Any CPU.ActiveCfg = Debug|Any CPU
		{825FEAFB-0641-48AB-AC2F-72120A4B49B6}.Debug|Any CPU.Build.0 = Debug|Any CPU
		{825FEAFB-0641-48AB-AC2F-72120A4B49B6}.Debug|ARM.ActiveCfg = Debug|Any CPU
		{825FEAFB-0641-48AB-AC2F-72120A4B49B6}.Debug|x64.ActiveCfg = Debug|Any CPU
		{825FEAFB-0641-48AB-AC2F-72120A4B49B6}.Debug|x86.ActiveCfg = Debug|Any CPU
		{825FEAFB-0641-48AB-AC2F-72120A4B49B6}.DebugCC|Any CPU.ActiveCfg = DebugCC|Any CPU
		{825FEAFB-0641-48AB-AC2F-72120A4B49B6}.DebugCC|Any CPU.Build.0 = DebugCC|Any CPU
		{825FEAFB-0641-48AB-AC2F-72120A4B49B6}.DebugCC|ARM.ActiveCfg = DebugCC|Any CPU
		{825FEAFB-0641-48AB-AC2F-72120A4B49B6}.DebugCC|x64.ActiveCfg = DebugCC|Any CPU
		{825FEAFB-0641-48AB-AC2F-72120A4B49B6}.DebugCC|x86.ActiveCfg = DebugCC|Any CPU
		{825FEAFB-0641-48AB-AC2F-72120A4B49B6}.Release|Any CPU.ActiveCfg = Release|Any CPU
		{825FEAFB-0641-48AB-AC2F-72120A4B49B6}.Release|Any CPU.Build.0 = Release|Any CPU
		{825FEAFB-0641-48AB-AC2F-72120A4B49B6}.Release|ARM.ActiveCfg = Release|Any CPU
		{825FEAFB-0641-48AB-AC2F-72120A4B49B6}.Release|x64.ActiveCfg = Release|Any CPU
		{825FEAFB-0641-48AB-AC2F-72120A4B49B6}.Release|x86.ActiveCfg = Release|Any CPU
		{8F776178-679D-415B-A246-896CD56321B0}.Debug|Any CPU.ActiveCfg = Debug|Any CPU
		{8F776178-679D-415B-A246-896CD56321B0}.Debug|Any CPU.Build.0 = Debug|Any CPU
		{8F776178-679D-415B-A246-896CD56321B0}.Debug|ARM.ActiveCfg = Debug|Any CPU
		{8F776178-679D-415B-A246-896CD56321B0}.Debug|x64.ActiveCfg = Debug|Any CPU
		{8F776178-679D-415B-A246-896CD56321B0}.Debug|x86.ActiveCfg = Debug|Any CPU
		{8F776178-679D-415B-A246-896CD56321B0}.DebugCC|Any CPU.ActiveCfg = Debug|Any CPU
		{8F776178-679D-415B-A246-896CD56321B0}.DebugCC|Any CPU.Build.0 = Debug|Any CPU
		{8F776178-679D-415B-A246-896CD56321B0}.DebugCC|ARM.ActiveCfg = Debug|Any CPU
		{8F776178-679D-415B-A246-896CD56321B0}.DebugCC|x64.ActiveCfg = Debug|Any CPU
		{8F776178-679D-415B-A246-896CD56321B0}.DebugCC|x86.ActiveCfg = Debug|Any CPU
		{8F776178-679D-415B-A246-896CD56321B0}.Release|Any CPU.ActiveCfg = Release|Any CPU
		{8F776178-679D-415B-A246-896CD56321B0}.Release|Any CPU.Build.0 = Release|Any CPU
		{8F776178-679D-415B-A246-896CD56321B0}.Release|ARM.ActiveCfg = Release|Any CPU
		{8F776178-679D-415B-A246-896CD56321B0}.Release|x64.ActiveCfg = Release|Any CPU
		{8F776178-679D-415B-A246-896CD56321B0}.Release|x86.ActiveCfg = Release|Any CPU
		{7D73A56E-999E-4773-A3E8-BCF5067CA72B}.Debug|Any CPU.ActiveCfg = Debug|Any CPU
		{7D73A56E-999E-4773-A3E8-BCF5067CA72B}.Debug|Any CPU.Build.0 = Debug|Any CPU
		{7D73A56E-999E-4773-A3E8-BCF5067CA72B}.Debug|ARM.ActiveCfg = Debug|Any CPU
		{7D73A56E-999E-4773-A3E8-BCF5067CA72B}.Debug|x64.ActiveCfg = Debug|Any CPU
		{7D73A56E-999E-4773-A3E8-BCF5067CA72B}.Debug|x86.ActiveCfg = Debug|Any CPU
		{7D73A56E-999E-4773-A3E8-BCF5067CA72B}.DebugCC|Any CPU.ActiveCfg = Debug|Any CPU
		{7D73A56E-999E-4773-A3E8-BCF5067CA72B}.DebugCC|Any CPU.Build.0 = Debug|Any CPU
		{7D73A56E-999E-4773-A3E8-BCF5067CA72B}.DebugCC|ARM.ActiveCfg = Debug|Any CPU
		{7D73A56E-999E-4773-A3E8-BCF5067CA72B}.DebugCC|x64.ActiveCfg = Debug|Any CPU
		{7D73A56E-999E-4773-A3E8-BCF5067CA72B}.DebugCC|x86.ActiveCfg = Debug|Any CPU
		{7D73A56E-999E-4773-A3E8-BCF5067CA72B}.Release|Any CPU.ActiveCfg = Release|Any CPU
		{7D73A56E-999E-4773-A3E8-BCF5067CA72B}.Release|Any CPU.Build.0 = Release|Any CPU
		{7D73A56E-999E-4773-A3E8-BCF5067CA72B}.Release|ARM.ActiveCfg = Release|Any CPU
		{7D73A56E-999E-4773-A3E8-BCF5067CA72B}.Release|x64.ActiveCfg = Release|Any CPU
		{7D73A56E-999E-4773-A3E8-BCF5067CA72B}.Release|x86.ActiveCfg = Release|Any CPU
		{517C9D42-6D35-4382-B051-F17788943BEA}.Debug|Any CPU.ActiveCfg = Debug|Any CPU
		{517C9D42-6D35-4382-B051-F17788943BEA}.Debug|Any CPU.Build.0 = Debug|Any CPU
		{517C9D42-6D35-4382-B051-F17788943BEA}.Debug|ARM.ActiveCfg = Debug|Any CPU
		{517C9D42-6D35-4382-B051-F17788943BEA}.Debug|x64.ActiveCfg = Debug|Any CPU
		{517C9D42-6D35-4382-B051-F17788943BEA}.Debug|x86.ActiveCfg = Debug|Any CPU
		{517C9D42-6D35-4382-B051-F17788943BEA}.DebugCC|Any CPU.ActiveCfg = Debug|Any CPU
		{517C9D42-6D35-4382-B051-F17788943BEA}.DebugCC|Any CPU.Build.0 = Debug|Any CPU
		{517C9D42-6D35-4382-B051-F17788943BEA}.DebugCC|ARM.ActiveCfg = Debug|Any CPU
		{517C9D42-6D35-4382-B051-F17788943BEA}.DebugCC|x64.ActiveCfg = Debug|Any CPU
		{517C9D42-6D35-4382-B051-F17788943BEA}.DebugCC|x86.ActiveCfg = Debug|Any CPU
		{517C9D42-6D35-4382-B051-F17788943BEA}.Release|Any CPU.ActiveCfg = Release|Any CPU
		{517C9D42-6D35-4382-B051-F17788943BEA}.Release|Any CPU.Build.0 = Release|Any CPU
		{517C9D42-6D35-4382-B051-F17788943BEA}.Release|ARM.ActiveCfg = Release|Any CPU
		{517C9D42-6D35-4382-B051-F17788943BEA}.Release|x64.ActiveCfg = Release|Any CPU
		{517C9D42-6D35-4382-B051-F17788943BEA}.Release|x86.ActiveCfg = Release|Any CPU
	EndGlobalSection
	GlobalSection(SolutionProperties) = preSolution
		HideSolutionNode = FALSE
	EndGlobalSection
	GlobalSection(NestedProjects) = preSolution
		{C848000D-3BB8-4506-96F3-A451A9E152CF} = {98B3171F-C0DA-4AED-9690-4BDB86A1DA6F}
		{D62C72AA-8A01-43AE-AF02-8F6E19653483} = {98B3171F-C0DA-4AED-9690-4BDB86A1DA6F}
		{68D4FF8E-6DBA-4766-AAE6-FD8FD5CF7AFF} = {98B3171F-C0DA-4AED-9690-4BDB86A1DA6F}
		{BDAF9BDB-2C46-4460-B801-3D524F92FF0F} = {98B3171F-C0DA-4AED-9690-4BDB86A1DA6F}
		{CB82326F-14EE-43B4-A97C-3424F5E04861} = {C848000D-3BB8-4506-96F3-A451A9E152CF}
		{D920B511-E7A9-487F-BDE3-4F4599C65AC7} = {D62C72AA-8A01-43AE-AF02-8F6E19653483}
		{7A9CA4A6-5C4F-4AB5-B51A-823D449CE5D7} = {68D4FF8E-6DBA-4766-AAE6-FD8FD5CF7AFF}
		{825FEAFB-0641-48AB-AC2F-72120A4B49B6} = {BDAF9BDB-2C46-4460-B801-3D524F92FF0F}
		{8F776178-679D-415B-A246-896CD56321B0} = {C848000D-3BB8-4506-96F3-A451A9E152CF}
		{7D73A56E-999E-4773-A3E8-BCF5067CA72B} = {98B3171F-C0DA-4AED-9690-4BDB86A1DA6F}
		{517C9D42-6D35-4382-B051-F17788943BEA} = {98B3171F-C0DA-4AED-9690-4BDB86A1DA6F}
	EndGlobalSection
EndGlobal
