
Microsoft Visual Studio Solution File, Format Version 12.00
# Visual Studio 14
VisualStudioVersion = 14.0.24720.0
MinimumVisualStudioVersion = 10.0.40219.1
Project("{2150E333-8FDC-42A3-9474-1A3956D46DE8}") = "src", "src", "{61B2554D-F2FC-4F4A-8C6F-4F459D5780AA}"
EndProject
Project("{2150E333-8FDC-42A3-9474-1A3956D46DE8}") = "Solution Items", "Solution Items", "{B46B2D2A-53ED-4C40-93B4-4D0AA58A0EE5}"
	ProjectSection(SolutionItems) = preProject
		appveyor.yml = appveyor.yml
		Core.abnf = Core.abnf
		global.json = global.json
		LICENSE = LICENSE
		NuGet.config = NuGet.config
		README.md = README.md
		RFC7230.abnf = RFC7230.abnf
	EndProjectSection
EndProject
Project("{8BB2217D-0F2D-49D1-97BC-3654ED321F3B}") = "HTTPortable", "src\HTTPortable\HTTPortable.xproj", "{95F195C6-6DAC-40CB-999B-3B3D6BE3C309}"
EndProject
Project("{8BB2217D-0F2D-49D1-97BC-3654ED321F3B}") = "Http", "src\Http\Http.xproj", "{DB0BC4EE-30D5-47AC-8B1B-9AA749D35454}"
EndProject
Project("{2150E333-8FDC-42A3-9474-1A3956D46DE8}") = "test", "test", "{AC2E36B4-5D4C-45AF-B63E-22020E4EF646}"
EndProject
Project("{8BB2217D-0F2D-49D1-97BC-3654ED321F3B}") = "Http.Tests", "test\Http.Tests\Http.Tests.xproj", "{C4FE2A39-5DB2-4217-BE20-4D48EACDA654}"
EndProject
Project("{8BB2217D-0F2D-49D1-97BC-3654ED321F3B}") = "HTTPortable.Tests", "test\HTTPortable.Tests\HTTPortable.Tests.xproj", "{1B859D34-75AE-465C-9CA8-3C73FDB9884E}"
EndProject
Global
	GlobalSection(SolutionConfigurationPlatforms) = preSolution
		Debug|Any CPU = Debug|Any CPU
		Release|Any CPU = Release|Any CPU
	EndGlobalSection
	GlobalSection(ProjectConfigurationPlatforms) = postSolution
		{95F195C6-6DAC-40CB-999B-3B3D6BE3C309}.Debug|Any CPU.ActiveCfg = Debug|Any CPU
		{95F195C6-6DAC-40CB-999B-3B3D6BE3C309}.Debug|Any CPU.Build.0 = Debug|Any CPU
		{95F195C6-6DAC-40CB-999B-3B3D6BE3C309}.Release|Any CPU.ActiveCfg = Release|Any CPU
		{95F195C6-6DAC-40CB-999B-3B3D6BE3C309}.Release|Any CPU.Build.0 = Release|Any CPU
		{DB0BC4EE-30D5-47AC-8B1B-9AA749D35454}.Debug|Any CPU.ActiveCfg = Debug|Any CPU
		{DB0BC4EE-30D5-47AC-8B1B-9AA749D35454}.Debug|Any CPU.Build.0 = Debug|Any CPU
		{DB0BC4EE-30D5-47AC-8B1B-9AA749D35454}.Release|Any CPU.ActiveCfg = Release|Any CPU
		{DB0BC4EE-30D5-47AC-8B1B-9AA749D35454}.Release|Any CPU.Build.0 = Release|Any CPU
		{C4FE2A39-5DB2-4217-BE20-4D48EACDA654}.Debug|Any CPU.ActiveCfg = Debug|Any CPU
		{C4FE2A39-5DB2-4217-BE20-4D48EACDA654}.Debug|Any CPU.Build.0 = Debug|Any CPU
		{C4FE2A39-5DB2-4217-BE20-4D48EACDA654}.Release|Any CPU.ActiveCfg = Release|Any CPU
		{C4FE2A39-5DB2-4217-BE20-4D48EACDA654}.Release|Any CPU.Build.0 = Release|Any CPU
		{1B859D34-75AE-465C-9CA8-3C73FDB9884E}.Debug|Any CPU.ActiveCfg = Debug|Any CPU
		{1B859D34-75AE-465C-9CA8-3C73FDB9884E}.Debug|Any CPU.Build.0 = Debug|Any CPU
		{1B859D34-75AE-465C-9CA8-3C73FDB9884E}.Release|Any CPU.ActiveCfg = Release|Any CPU
		{1B859D34-75AE-465C-9CA8-3C73FDB9884E}.Release|Any CPU.Build.0 = Release|Any CPU
	EndGlobalSection
	GlobalSection(SolutionProperties) = preSolution
		HideSolutionNode = FALSE
	EndGlobalSection
	GlobalSection(NestedProjects) = preSolution
		{95F195C6-6DAC-40CB-999B-3B3D6BE3C309} = {61B2554D-F2FC-4F4A-8C6F-4F459D5780AA}
		{DB0BC4EE-30D5-47AC-8B1B-9AA749D35454} = {61B2554D-F2FC-4F4A-8C6F-4F459D5780AA}
		{C4FE2A39-5DB2-4217-BE20-4D48EACDA654} = {AC2E36B4-5D4C-45AF-B63E-22020E4EF646}
		{1B859D34-75AE-465C-9CA8-3C73FDB9884E} = {AC2E36B4-5D4C-45AF-B63E-22020E4EF646}
	EndGlobalSection
EndGlobal
