
Microsoft Visual Studio Solution File, Format Version 12.00
# Visual Studio 2013
VisualStudioVersion = 12.0.31101.0
MinimumVisualStudioVersion = 10.0.40219.1
Project("{2150E333-8FDC-42A3-9474-1A3956D46DE8}") = "src", "src", "{7526A9F3-4DCE-4349-9ED8-ACD20417832E}"
EndProject
Project("{2150E333-8FDC-42A3-9474-1A3956D46DE8}") = "tests", "tests", "{D18D263B-4B22-42AF-A735-E72093571B68}"
EndProject
Project("{FAE04EC0-301F-11D3-BF4B-00C04F79EFBC}") = "HTTPortable.Tcp", "src\HTTPortable.Tcp.csproj", "{7A9CA4A6-5C4F-4AB5-B51A-823D449CE5D7}"
EndProject
Global
	GlobalSection(SolutionConfigurationPlatforms) = preSolution
		Debug|Any CPU = Debug|Any CPU
		DebugCC|Any CPU = DebugCC|Any CPU
		Release|Any CPU = Release|Any CPU
	EndGlobalSection
	GlobalSection(ProjectConfigurationPlatforms) = postSolution
		{7A9CA4A6-5C4F-4AB5-B51A-823D449CE5D7}.Debug|Any CPU.ActiveCfg = Debug|Any CPU
		{7A9CA4A6-5C4F-4AB5-B51A-823D449CE5D7}.Debug|Any CPU.Build.0 = Debug|Any CPU
		{7A9CA4A6-5C4F-4AB5-B51A-823D449CE5D7}.DebugCC|Any CPU.ActiveCfg = DebugCC|Any CPU
		{7A9CA4A6-5C4F-4AB5-B51A-823D449CE5D7}.DebugCC|Any CPU.Build.0 = DebugCC|Any CPU
		{7A9CA4A6-5C4F-4AB5-B51A-823D449CE5D7}.Release|Any CPU.ActiveCfg = Release|Any CPU
		{7A9CA4A6-5C4F-4AB5-B51A-823D449CE5D7}.Release|Any CPU.Build.0 = Release|Any CPU
	EndGlobalSection
	GlobalSection(SolutionProperties) = preSolution
		HideSolutionNode = FALSE
	EndGlobalSection
	GlobalSection(NestedProjects) = preSolution
		{7A9CA4A6-5C4F-4AB5-B51A-823D449CE5D7} = {7526A9F3-4DCE-4349-9ED8-ACD20417832E}
	EndGlobalSection
EndGlobal
