
Microsoft Visual Studio Solution File, Format Version 12.00
# Visual Studio 2013
VisualStudioVersion = 12.0.31101.0
MinimumVisualStudioVersion = 10.0.40219.1
Project("{2150E333-8FDC-42A3-9474-1A3956D46DE8}") = "src", "src", "{1F16C091-B18C-44ED-911F-A6582257B4FE}"
EndProject
Project("{2150E333-8FDC-42A3-9474-1A3956D46DE8}") = "tests", "tests", "{D292E7A7-ECD8-4CD9-8BA8-200AD97F23F1}"
EndProject
Project("{FAE04EC0-301F-11D3-BF4B-00C04F79EFBC}") = "HTTPortable.Core", "src\HTTPortable.Core.csproj", "{D920B511-E7A9-487F-BDE3-4F4599C65AC7}"
EndProject
Project("{FAE04EC0-301F-11D3-BF4B-00C04F79EFBC}") = "HTTPortable.Core.Tests", "tests.old\HTTPortable.Core.Tests.csproj", "{76AF2327-D29B-48ED-B5CF-009F3E2C35AF}"
EndProject
Global
	GlobalSection(SolutionConfigurationPlatforms) = preSolution
		Debug|Any CPU = Debug|Any CPU
		DebugCC|Any CPU = DebugCC|Any CPU
		Release|Any CPU = Release|Any CPU
	EndGlobalSection
	GlobalSection(ProjectConfigurationPlatforms) = postSolution
		{D920B511-E7A9-487F-BDE3-4F4599C65AC7}.Debug|Any CPU.ActiveCfg = Debug|Any CPU
		{D920B511-E7A9-487F-BDE3-4F4599C65AC7}.Debug|Any CPU.Build.0 = Debug|Any CPU
		{D920B511-E7A9-487F-BDE3-4F4599C65AC7}.DebugCC|Any CPU.ActiveCfg = DebugCC|Any CPU
		{D920B511-E7A9-487F-BDE3-4F4599C65AC7}.DebugCC|Any CPU.Build.0 = DebugCC|Any CPU
		{D920B511-E7A9-487F-BDE3-4F4599C65AC7}.Release|Any CPU.ActiveCfg = Release|Any CPU
		{D920B511-E7A9-487F-BDE3-4F4599C65AC7}.Release|Any CPU.Build.0 = Release|Any CPU
		{76AF2327-D29B-48ED-B5CF-009F3E2C35AF}.Debug|Any CPU.ActiveCfg = Debug|Any CPU
		{76AF2327-D29B-48ED-B5CF-009F3E2C35AF}.Debug|Any CPU.Build.0 = Debug|Any CPU
		{76AF2327-D29B-48ED-B5CF-009F3E2C35AF}.DebugCC|Any CPU.ActiveCfg = DebugCC|Any CPU
		{76AF2327-D29B-48ED-B5CF-009F3E2C35AF}.DebugCC|Any CPU.Build.0 = DebugCC|Any CPU
		{76AF2327-D29B-48ED-B5CF-009F3E2C35AF}.Release|Any CPU.ActiveCfg = Release|Any CPU
		{76AF2327-D29B-48ED-B5CF-009F3E2C35AF}.Release|Any CPU.Build.0 = Release|Any CPU
	EndGlobalSection
	GlobalSection(SolutionProperties) = preSolution
		HideSolutionNode = FALSE
	EndGlobalSection
	GlobalSection(NestedProjects) = preSolution
		{D920B511-E7A9-487F-BDE3-4F4599C65AC7} = {1F16C091-B18C-44ED-911F-A6582257B4FE}
		{76AF2327-D29B-48ED-B5CF-009F3E2C35AF} = {D292E7A7-ECD8-4CD9-8BA8-200AD97F23F1}
	EndGlobalSection
EndGlobal
