
Microsoft Visual Studio Solution File, Format Version 12.00
# Visual Studio 2013
VisualStudioVersion = 12.0.31101.0
MinimumVisualStudioVersion = 10.0.40219.1
Project("{FAE04EC0-301F-11D3-BF4B-00C04F79EFBC}") = "Http", "Http\Http.csproj", "{D920B511-E7A9-487F-BDE3-4F4599C65AC7}"
EndProject
Project("{FAE04EC0-301F-11D3-BF4B-00C04F79EFBC}") = "Http.Tests", "..\tests\Http.Tests\Http.Tests.csproj", "{76AF2327-D29B-48ED-B5CF-009F3E2C35AF}"
EndProject
Project("{FAE04EC0-301F-11D3-BF4B-00C04F79EFBC}") = "Http.Tcp.WinRT", "Http.Tcp.WinRT\Http.Tcp.WinRT.csproj", "{825FEAFB-0641-48AB-AC2F-72120A4B49B6}"
EndProject
Project("{2150E333-8FDC-42A3-9474-1A3956D46DE8}") = "Solution Items", "Solution Items", "{96351A8A-62C3-4BBF-A597-CE49D7304372}"
	ProjectSection(SolutionItems) = preProject
		..\README.md = ..\README.md
	EndProjectSection
EndProject
Project("{FAE04EC0-301F-11D3-BF4B-00C04F79EFBC}") = "Http.Tcp.WinRT.Tests", "..\tests\Http.Tcp.WinRT.Tests\Http.Tcp.WinRT.Tests.csproj", "{7DF32770-668D-421D-BCDC-87420ED083F6}"
EndProject
Project("{FAE04EC0-301F-11D3-BF4B-00C04F79EFBC}") = "Http.Tcp", "Http.Tcp\Http.Tcp.csproj", "{7A9CA4A6-5C4F-4AB5-B51A-823D449CE5D7}"
EndProject
Project("{2150E333-8FDC-42A3-9474-1A3956D46DE8}") = "src", "src", "{1F16C091-B18C-44ED-911F-A6582257B4FE}"
EndProject
Project("{2150E333-8FDC-42A3-9474-1A3956D46DE8}") = "tests", "tests", "{D292E7A7-ECD8-4CD9-8BA8-200AD97F23F1}"
EndProject
Project("{FAE04EC0-301F-11D3-BF4B-00C04F79EFBC}") = "Http.Grammar", "Http.Grammar\Http.Grammar.csproj", "{2816FE01-4760-4718-9268-C55293181DED}"
EndProject
Project("{FAE04EC0-301F-11D3-BF4B-00C04F79EFBC}") = "Http.Grammar.Tests", "..\tests\Http.Grammar.Tests\Http.Grammar.Tests.csproj", "{3DB712C2-1EB9-410C-A024-B859900027DD}"
EndProject
Global
	GlobalSection(SolutionConfigurationPlatforms) = preSolution
		Debug|Any CPU = Debug|Any CPU
		Debug|ARM = Debug|ARM
		Debug|x64 = Debug|x64
		Debug|x86 = Debug|x86
		Release|Any CPU = Release|Any CPU
		Release|ARM = Release|ARM
		Release|x64 = Release|x64
		Release|x86 = Release|x86
	EndGlobalSection
	GlobalSection(ProjectConfigurationPlatforms) = postSolution
		{D920B511-E7A9-487F-BDE3-4F4599C65AC7}.Debug|Any CPU.ActiveCfg = Debug|Any CPU
		{D920B511-E7A9-487F-BDE3-4F4599C65AC7}.Debug|Any CPU.Build.0 = Debug|Any CPU
		{D920B511-E7A9-487F-BDE3-4F4599C65AC7}.Debug|ARM.ActiveCfg = Debug|Any CPU
		{D920B511-E7A9-487F-BDE3-4F4599C65AC7}.Debug|x64.ActiveCfg = Debug|Any CPU
		{D920B511-E7A9-487F-BDE3-4F4599C65AC7}.Debug|x86.ActiveCfg = Debug|Any CPU
		{D920B511-E7A9-487F-BDE3-4F4599C65AC7}.Release|Any CPU.ActiveCfg = Release|Any CPU
		{D920B511-E7A9-487F-BDE3-4F4599C65AC7}.Release|Any CPU.Build.0 = Release|Any CPU
		{D920B511-E7A9-487F-BDE3-4F4599C65AC7}.Release|ARM.ActiveCfg = Release|Any CPU
		{D920B511-E7A9-487F-BDE3-4F4599C65AC7}.Release|x64.ActiveCfg = Release|Any CPU
		{D920B511-E7A9-487F-BDE3-4F4599C65AC7}.Release|x86.ActiveCfg = Release|Any CPU
		{76AF2327-D29B-48ED-B5CF-009F3E2C35AF}.Debug|Any CPU.ActiveCfg = Debug|Any CPU
		{76AF2327-D29B-48ED-B5CF-009F3E2C35AF}.Debug|Any CPU.Build.0 = Debug|Any CPU
		{76AF2327-D29B-48ED-B5CF-009F3E2C35AF}.Debug|ARM.ActiveCfg = Debug|Any CPU
		{76AF2327-D29B-48ED-B5CF-009F3E2C35AF}.Debug|x64.ActiveCfg = Debug|Any CPU
		{76AF2327-D29B-48ED-B5CF-009F3E2C35AF}.Debug|x86.ActiveCfg = Debug|Any CPU
		{76AF2327-D29B-48ED-B5CF-009F3E2C35AF}.Release|Any CPU.ActiveCfg = Release|Any CPU
		{76AF2327-D29B-48ED-B5CF-009F3E2C35AF}.Release|Any CPU.Build.0 = Release|Any CPU
		{76AF2327-D29B-48ED-B5CF-009F3E2C35AF}.Release|ARM.ActiveCfg = Release|Any CPU
		{76AF2327-D29B-48ED-B5CF-009F3E2C35AF}.Release|x64.ActiveCfg = Release|Any CPU
		{76AF2327-D29B-48ED-B5CF-009F3E2C35AF}.Release|x86.ActiveCfg = Release|Any CPU
		{825FEAFB-0641-48AB-AC2F-72120A4B49B6}.Debug|Any CPU.ActiveCfg = Debug|Any CPU
		{825FEAFB-0641-48AB-AC2F-72120A4B49B6}.Debug|Any CPU.Build.0 = Debug|Any CPU
		{825FEAFB-0641-48AB-AC2F-72120A4B49B6}.Debug|ARM.ActiveCfg = Debug|Any CPU
		{825FEAFB-0641-48AB-AC2F-72120A4B49B6}.Debug|x64.ActiveCfg = Debug|Any CPU
		{825FEAFB-0641-48AB-AC2F-72120A4B49B6}.Debug|x86.ActiveCfg = Debug|Any CPU
		{825FEAFB-0641-48AB-AC2F-72120A4B49B6}.Release|Any CPU.ActiveCfg = Release|Any CPU
		{825FEAFB-0641-48AB-AC2F-72120A4B49B6}.Release|Any CPU.Build.0 = Release|Any CPU
		{825FEAFB-0641-48AB-AC2F-72120A4B49B6}.Release|ARM.ActiveCfg = Release|Any CPU
		{825FEAFB-0641-48AB-AC2F-72120A4B49B6}.Release|x64.ActiveCfg = Release|Any CPU
		{825FEAFB-0641-48AB-AC2F-72120A4B49B6}.Release|x86.ActiveCfg = Release|Any CPU
		{7DF32770-668D-421D-BCDC-87420ED083F6}.Debug|Any CPU.ActiveCfg = Debug|Any CPU
		{7DF32770-668D-421D-BCDC-87420ED083F6}.Debug|Any CPU.Build.0 = Debug|Any CPU
		{7DF32770-668D-421D-BCDC-87420ED083F6}.Debug|Any CPU.Deploy.0 = Debug|Any CPU
		{7DF32770-668D-421D-BCDC-87420ED083F6}.Debug|ARM.ActiveCfg = Debug|ARM
		{7DF32770-668D-421D-BCDC-87420ED083F6}.Debug|ARM.Build.0 = Debug|ARM
		{7DF32770-668D-421D-BCDC-87420ED083F6}.Debug|ARM.Deploy.0 = Debug|ARM
		{7DF32770-668D-421D-BCDC-87420ED083F6}.Debug|x64.ActiveCfg = Debug|x64
		{7DF32770-668D-421D-BCDC-87420ED083F6}.Debug|x64.Build.0 = Debug|x64
		{7DF32770-668D-421D-BCDC-87420ED083F6}.Debug|x64.Deploy.0 = Debug|x64
		{7DF32770-668D-421D-BCDC-87420ED083F6}.Debug|x86.ActiveCfg = Debug|x86
		{7DF32770-668D-421D-BCDC-87420ED083F6}.Debug|x86.Build.0 = Debug|x86
		{7DF32770-668D-421D-BCDC-87420ED083F6}.Debug|x86.Deploy.0 = Debug|x86
		{7DF32770-668D-421D-BCDC-87420ED083F6}.Release|Any CPU.ActiveCfg = Release|Any CPU
		{7DF32770-668D-421D-BCDC-87420ED083F6}.Release|Any CPU.Build.0 = Release|Any CPU
		{7DF32770-668D-421D-BCDC-87420ED083F6}.Release|Any CPU.Deploy.0 = Release|Any CPU
		{7DF32770-668D-421D-BCDC-87420ED083F6}.Release|ARM.ActiveCfg = Release|ARM
		{7DF32770-668D-421D-BCDC-87420ED083F6}.Release|ARM.Build.0 = Release|ARM
		{7DF32770-668D-421D-BCDC-87420ED083F6}.Release|ARM.Deploy.0 = Release|ARM
		{7DF32770-668D-421D-BCDC-87420ED083F6}.Release|x64.ActiveCfg = Release|x64
		{7DF32770-668D-421D-BCDC-87420ED083F6}.Release|x64.Build.0 = Release|x64
		{7DF32770-668D-421D-BCDC-87420ED083F6}.Release|x64.Deploy.0 = Release|x64
		{7DF32770-668D-421D-BCDC-87420ED083F6}.Release|x86.ActiveCfg = Release|x86
		{7DF32770-668D-421D-BCDC-87420ED083F6}.Release|x86.Build.0 = Release|x86
		{7DF32770-668D-421D-BCDC-87420ED083F6}.Release|x86.Deploy.0 = Release|x86
		{7A9CA4A6-5C4F-4AB5-B51A-823D449CE5D7}.Debug|Any CPU.ActiveCfg = Debug|Any CPU
		{7A9CA4A6-5C4F-4AB5-B51A-823D449CE5D7}.Debug|Any CPU.Build.0 = Debug|Any CPU
		{7A9CA4A6-5C4F-4AB5-B51A-823D449CE5D7}.Debug|ARM.ActiveCfg = Debug|Any CPU
		{7A9CA4A6-5C4F-4AB5-B51A-823D449CE5D7}.Debug|x64.ActiveCfg = Debug|Any CPU
		{7A9CA4A6-5C4F-4AB5-B51A-823D449CE5D7}.Debug|x86.ActiveCfg = Debug|Any CPU
		{7A9CA4A6-5C4F-4AB5-B51A-823D449CE5D7}.Release|Any CPU.ActiveCfg = Release|Any CPU
		{7A9CA4A6-5C4F-4AB5-B51A-823D449CE5D7}.Release|Any CPU.Build.0 = Release|Any CPU
		{7A9CA4A6-5C4F-4AB5-B51A-823D449CE5D7}.Release|ARM.ActiveCfg = Release|Any CPU
		{7A9CA4A6-5C4F-4AB5-B51A-823D449CE5D7}.Release|x64.ActiveCfg = Release|Any CPU
		{7A9CA4A6-5C4F-4AB5-B51A-823D449CE5D7}.Release|x86.ActiveCfg = Release|Any CPU
		{2816FE01-4760-4718-9268-C55293181DED}.Debug|Any CPU.ActiveCfg = Debug|Any CPU
		{2816FE01-4760-4718-9268-C55293181DED}.Debug|Any CPU.Build.0 = Debug|Any CPU
		{2816FE01-4760-4718-9268-C55293181DED}.Debug|ARM.ActiveCfg = Debug|Any CPU
		{2816FE01-4760-4718-9268-C55293181DED}.Debug|x64.ActiveCfg = Debug|Any CPU
		{2816FE01-4760-4718-9268-C55293181DED}.Debug|x86.ActiveCfg = Debug|Any CPU
		{2816FE01-4760-4718-9268-C55293181DED}.Release|Any CPU.ActiveCfg = Release|Any CPU
		{2816FE01-4760-4718-9268-C55293181DED}.Release|Any CPU.Build.0 = Release|Any CPU
		{2816FE01-4760-4718-9268-C55293181DED}.Release|ARM.ActiveCfg = Release|Any CPU
		{2816FE01-4760-4718-9268-C55293181DED}.Release|x64.ActiveCfg = Release|Any CPU
		{2816FE01-4760-4718-9268-C55293181DED}.Release|x86.ActiveCfg = Release|Any CPU
		{3DB712C2-1EB9-410C-A024-B859900027DD}.Debug|Any CPU.ActiveCfg = Debug|Any CPU
		{3DB712C2-1EB9-410C-A024-B859900027DD}.Debug|Any CPU.Build.0 = Debug|Any CPU
		{3DB712C2-1EB9-410C-A024-B859900027DD}.Debug|ARM.ActiveCfg = Debug|Any CPU
		{3DB712C2-1EB9-410C-A024-B859900027DD}.Debug|x64.ActiveCfg = Debug|Any CPU
		{3DB712C2-1EB9-410C-A024-B859900027DD}.Debug|x86.ActiveCfg = Debug|Any CPU
		{3DB712C2-1EB9-410C-A024-B859900027DD}.Release|Any CPU.ActiveCfg = Release|Any CPU
		{3DB712C2-1EB9-410C-A024-B859900027DD}.Release|Any CPU.Build.0 = Release|Any CPU
		{3DB712C2-1EB9-410C-A024-B859900027DD}.Release|ARM.ActiveCfg = Release|Any CPU
		{3DB712C2-1EB9-410C-A024-B859900027DD}.Release|x64.ActiveCfg = Release|Any CPU
		{3DB712C2-1EB9-410C-A024-B859900027DD}.Release|x86.ActiveCfg = Release|Any CPU
	EndGlobalSection
	GlobalSection(SolutionProperties) = preSolution
		HideSolutionNode = FALSE
	EndGlobalSection
	GlobalSection(NestedProjects) = preSolution
		{D920B511-E7A9-487F-BDE3-4F4599C65AC7} = {1F16C091-B18C-44ED-911F-A6582257B4FE}
		{76AF2327-D29B-48ED-B5CF-009F3E2C35AF} = {D292E7A7-ECD8-4CD9-8BA8-200AD97F23F1}
		{825FEAFB-0641-48AB-AC2F-72120A4B49B6} = {1F16C091-B18C-44ED-911F-A6582257B4FE}
		{7DF32770-668D-421D-BCDC-87420ED083F6} = {D292E7A7-ECD8-4CD9-8BA8-200AD97F23F1}
		{7A9CA4A6-5C4F-4AB5-B51A-823D449CE5D7} = {1F16C091-B18C-44ED-911F-A6582257B4FE}
		{2816FE01-4760-4718-9268-C55293181DED} = {1F16C091-B18C-44ED-911F-A6582257B4FE}
		{3DB712C2-1EB9-410C-A024-B859900027DD} = {D292E7A7-ECD8-4CD9-8BA8-200AD97F23F1}
	EndGlobalSection
EndGlobal
